
Microsoft Visual Studio Solution File, Format Version 12.00
# Visual Studio Version 17
VisualStudioVersion = 17.0.32112.339
MinimumVisualStudioVersion = 10.0.40219.1
Project("{FAE04EC0-301F-11D3-BF4B-00C04F79EFBC}") = "TaskAPI", "TaskAPI\TaskAPI.csproj", "{43740AD8-62FC-4785-B723-5B9BAB028188}"
EndProject
Global
	GlobalSection(SolutionConfigurationPlatforms) = preSolution
		Debug|Any CPU = Debug|Any CPU
		Release|Any CPU = Release|Any CPU
	EndGlobalSection
	GlobalSection(ProjectConfigurationPlatforms) = postSolution
		{43740AD8-62FC-4785-B723-5B9BAB028188}.Debug|Any CPU.ActiveCfg = Debug|Any CPU
		{43740AD8-62FC-4785-B723-5B9BAB028188}.Debug|Any CPU.Build.0 = Debug|Any CPU
		{43740AD8-62FC-4785-B723-5B9BAB028188}.Release|Any CPU.ActiveCfg = Release|Any CPU
		{43740AD8-62FC-4785-B723-5B9BAB028188}.Release|Any CPU.Build.0 = Release|Any CPU
	EndGlobalSection
	GlobalSection(SolutionProperties) = preSolution
		HideSolutionNode = FALSE
	EndGlobalSection
	GlobalSection(ExtensibilityGlobals) = postSolution
		SolutionGuid = {80679F26-1258-462E-B6CA-EED2EEB88887}
	EndGlobalSection
EndGlobal
